// !$*UTF8*$!
{
	archiveVersion = 1;
	classes = {
	};
	objectVersion = 50;
	objects = {

/* Begin PBXBuildFile section */
		76CBDFA126146EBA00F84D52 /* AppDelegate.swift in Sources */ = {isa = PBXBuildFile; fileRef = 76CBDFA026146EBA00F84D52 /* AppDelegate.swift */; };
		76CBDFA326146EBA00F84D52 /* SceneDelegate.swift in Sources */ = {isa = PBXBuildFile; fileRef = 76CBDFA226146EBA00F84D52 /* SceneDelegate.swift */; };
		76CBDFA526146EBA00F84D52 /* ViewController.swift in Sources */ = {isa = PBXBuildFile; fileRef = 76CBDFA426146EBA00F84D52 /* ViewController.swift */; };
		76CBDFA826146EBA00F84D52 /* Main.storyboard in Resources */ = {isa = PBXBuildFile; fileRef = 76CBDFA626146EBA00F84D52 /* Main.storyboard */; };
		76CBDFAA26146EBD00F84D52 /* Assets.xcassets in Resources */ = {isa = PBXBuildFile; fileRef = 76CBDFA926146EBD00F84D52 /* Assets.xcassets */; };
		76CBDFAD26146EBD00F84D52 /* LaunchScreen.storyboard in Resources */ = {isa = PBXBuildFile; fileRef = 76CBDFAB26146EBD00F84D52 /* LaunchScreen.storyboard */; };
/* End PBXBuildFile section */

/* Begin PBXFileReference section */
		76CBDF9D26146EBA00F84D52 /* IOS-App-Development.app */ = {isa = PBXFileReference; explicitFileType = wrapper.application; includeInIndex = 0; path = "IOS-App-Development.app"; sourceTree = BUILT_PRODUCTS_DIR; };
		76CBDFA026146EBA00F84D52 /* AppDelegate.swift */ = {isa = PBXFileReference; lastKnownFileType = sourcecode.swift; path = AppDelegate.swift; sourceTree = "<group>"; };
		76CBDFA226146EBA00F84D52 /* SceneDelegate.swift */ = {isa = PBXFileReference; lastKnownFileType = sourcecode.swift; path = SceneDelegate.swift; sourceTree = "<group>"; };
		76CBDFA426146EBA00F84D52 /* ViewController.swift */ = {isa = PBXFileReference; lastKnownFileType = sourcecode.swift; path = ViewController.swift; sourceTree = "<group>"; };
		76CBDFA726146EBA00F84D52 /* Base */ = {isa = PBXFileReference; lastKnownFileType = file.storyboard; name = Base; path = Base.lproj/Main.storyboard; sourceTree = "<group>"; };
		76CBDFA926146EBD00F84D52 /* Assets.xcassets */ = {isa = PBXFileReference; lastKnownFileType = folder.assetcatalog; path = Assets.xcassets; sourceTree = "<group>"; };
		76CBDFAC26146EBD00F84D52 /* Base */ = {isa = PBXFileReference; lastKnownFileType = file.storyboard; name = Base; path = Base.lproj/LaunchScreen.storyboard; sourceTree = "<group>"; };
		76CBDFAE26146EBD00F84D52 /* Info.plist */ = {isa = PBXFileReference; lastKnownFileType = text.plist.xml; path = Info.plist; sourceTree = "<group>"; };
/* End PBXFileReference section */

/* Begin PBXFrameworksBuildPhase section */
		76CBDF9A26146EBA00F84D52 /* Frameworks */ = {
			isa = PBXFrameworksBuildPhase;
			buildActionMask = 2147483647;
			files = (
			);
			runOnlyForDeploymentPostprocessing = 0;
		};
/* End PBXFrameworksBuildPhase section */

/* Begin PBXGroup section */
		76CBDF9426146EBA00F84D52 = {
			isa = PBXGroup;
			children = (
				76CBDF9F26146EBA00F84D52 /* IOS-App-Development */,
				76CBDF9E26146EBA00F84D52 /* Products */,
			);
			sourceTree = "<group>";
		};
		76CBDF9E26146EBA00F84D52 /* Products */ = {
			isa = PBXGroup;
			children = (
				76CBDF9D26146EBA00F84D52 /* IOS-App-Development.app */,
			);
			name = Products;
			sourceTree = "<group>";
		};
		76CBDF9F26146EBA00F84D52 /* IOS-App-Development */ = {
			isa = PBXGroup;
			children = (
				76CBDFA026146EBA00F84D52 /* AppDelegate.swift */,
				76CBDFA226146EBA00F84D52 /* SceneDelegate.swift */,
				76CBDFA426146EBA00F84D52 /* ViewController.swift */,
				76CBDFA626146EBA00F84D52 /* Main.storyboard */,
				76CBDFA926146EBD00F84D52 /* Assets.xcassets */,
				76CBDFAB26146EBD00F84D52 /* LaunchScreen.storyboard */,
				76CBDFAE26146EBD00F84D52 /* Info.plist */,
			);
			path = "IOS-App-Development";
			sourceTree = "<group>";
		};
/* End PBXGroup section */

/* Begin PBXNativeTarget section */
		76CBDF9C26146EBA00F84D52 /* IOS-App-Development */ = {
			isa = PBXNativeTarget;
			buildConfigurationList = 76CBDFB126146EBD00F84D52 /* Build configuration list for PBXNativeTarget "IOS-App-Development" */;
			buildPhases = (
				76CBDF9926146EBA00F84D52 /* Sources */,
				76CBDF9A26146EBA00F84D52 /* Frameworks */,
				76CBDF9B26146EBA00F84D52 /* Resources */,
			);
			buildRules = (
			);
			dependencies = (
			);
			name = "IOS-App-Development";
			productName = "IOS-App-Development";
			productReference = 76CBDF9D26146EBA00F84D52 /* IOS-App-Development.app */;
			productType = "com.apple.product-type.application";
		};
/* End PBXNativeTarget section */

/* Begin PBXProject section */
		76CBDF9526146EBA00F84D52 /* Project object */ = {
			isa = PBXProject;
			attributes = {
				LastSwiftUpdateCheck = 1250;
				LastUpgradeCheck = 1250;
				TargetAttributes = {
					76CBDF9C26146EBA00F84D52 = {
						CreatedOnToolsVersion = 12.5;
					};
				};
			};
			buildConfigurationList = 76CBDF9826146EBA00F84D52 /* Build configuration list for PBXProject "IOS-App-Development" */;
			compatibilityVersion = "Xcode 9.3";
			developmentRegion = en;
			hasScannedForEncodings = 0;
			knownRegions = (
				en,
				Base,
			);
			mainGroup = 76CBDF9426146EBA00F84D52;
			productRefGroup = 76CBDF9E26146EBA00F84D52 /* Products */;
			projectDirPath = "";
			projectRoot = "";
			targets = (
				76CBDF9C26146EBA00F84D52 /* IOS-App-Development */,
			);
		};
/* End PBXProject section */

/* Begin PBXResourcesBuildPhase section */
		76CBDF9B26146EBA00F84D52 /* Resources */ = {
			isa = PBXResourcesBuildPhase;
			buildActionMask = 2147483647;
			files = (
				76CBDFAD26146EBD00F84D52 /* LaunchScreen.storyboard in Resources */,
				76CBDFAA26146EBD00F84D52 /* Assets.xcassets in Resources */,
				76CBDFA826146EBA00F84D52 /* Main.storyboard in Resources */,
			);
			runOnlyForDeploymentPostprocessing = 0;
		};
/* End PBXResourcesBuildPhase section */

/* Begin PBXSourcesBuildPhase section */
		76CBDF9926146EBA00F84D52 /* Sources */ = {
			isa = PBXSourcesBuildPhase;
			buildActionMask = 2147483647;
			files = (
				76CBDFA526146EBA00F84D52 /* ViewController.swift in Sources */,
				76CBDFA126146EBA00F84D52 /* AppDelegate.swift in Sources */,
				76CBDFA326146EBA00F84D52 /* SceneDelegate.swift in Sources */,
			);
			runOnlyForDeploymentPostprocessing = 0;
		};
/* End PBXSourcesBuildPhase section */

/* Begin PBXVariantGroup section */
		76CBDFA626146EBA00F84D52 /* Main.storyboard */ = {
			isa = PBXVariantGroup;
			children = (
				76CBDFA726146EBA00F84D52 /* Base */,
			);
			name = Main.storyboard;
			sourceTree = "<group>";
		};
		76CBDFAB26146EBD00F84D52 /* LaunchScreen.storyboard */ = {
			isa = PBXVariantGroup;
			children = (
				76CBDFAC26146EBD00F84D52 /* Base */,
			);
			name = LaunchScreen.storyboard;
			sourceTree = "<group>";
		};
/* End PBXVariantGroup section */

/* Begin XCBuildConfiguration section */
		76CBDFAF26146EBD00F84D52 /* Debug */ = {
			isa = XCBuildConfiguration;
			buildSettings = {
				ALWAYS_SEARCH_USER_PATHS = NO;
				CLANG_ANALYZER_NONNULL = YES;
				CLANG_ANALYZER_NUMBER_OBJECT_CONVERSION = YES_AGGRESSIVE;
				CLANG_CXX_LANGUAGE_STANDARD = "gnu++14";
				CLANG_CXX_LIBRARY = "libc++";
				CLANG_ENABLE_MODULES = YES;
				CLANG_ENABLE_OBJC_ARC = YES;
				CLANG_ENABLE_OBJC_WEAK = YES;
				CLANG_WARN_BLOCK_CAPTURE_AUTORELEASING = YES;
				CLANG_WARN_BOOL_CONVERSION = YES;
				CLANG_WARN_COMMA = YES;
				CLANG_WARN_CONSTANT_CONVERSION = YES;
				CLANG_WARN_DEPRECATED_OBJC_IMPLEMENTATIONS = YES;
				CLANG_WARN_DIRECT_OBJC_ISA_USAGE = YES_ERROR;
				CLANG_WARN_DOCUMENTATION_COMMENTS = YES;
				CLANG_WARN_EMPTY_BODY = YES;
				CLANG_WARN_ENUM_CONVERSION = YES;
				CLANG_WARN_INFINITE_RECURSION = YES;
				CLANG_WARN_INT_CONVERSION = YES;
				CLANG_WARN_NON_LITERAL_NULL_CONVERSION = YES;
				CLANG_WARN_OBJC_IMPLICIT_RETAIN_SELF = YES;
				CLANG_WARN_OBJC_LITERAL_CONVERSION = YES;
				CLANG_WARN_OBJC_ROOT_CLASS = YES_ERROR;
				CLANG_WARN_QUOTED_INCLUDE_IN_FRAMEWORK_HEADER = YES;
				CLANG_WARN_RANGE_LOOP_ANALYSIS = YES;
				CLANG_WARN_STRICT_PROTOTYPES = YES;
				CLANG_WARN_SUSPICIOUS_MOVE = YES;
				CLANG_WARN_UNGUARDED_AVAILABILITY = YES_AGGRESSIVE;
				CLANG_WARN_UNREACHABLE_CODE = YES;
				CLANG_WARN__DUPLICATE_METHOD_MATCH = YES;
				COPY_PHASE_STRIP = NO;
				DEBUG_INFORMATION_FORMAT = dwarf;
				ENABLE_STRICT_OBJC_MSGSEND = YES;
				ENABLE_TESTABILITY = YES;
				GCC_C_LANGUAGE_STANDARD = gnu11;
				GCC_DYNAMIC_NO_PIC = NO;
				GCC_NO_COMMON_BLOCKS = YES;
				GCC_OPTIMIZATION_LEVEL = 0;
				GCC_PREPROCESSOR_DEFINITIONS = (
					"DEBUG=1",
					"$(inherited)",
				);
				GCC_WARN_64_TO_32_BIT_CONVERSION = YES;
				GCC_WARN_ABOUT_RETURN_TYPE = YES_ERROR;
				GCC_WARN_UNDECLARED_SELECTOR = YES;
				GCC_WARN_UNINITIALIZED_AUTOS = YES_AGGRESSIVE;
				GCC_WARN_UNUSED_FUNCTION = YES;
				GCC_WARN_UNUSED_VARIABLE = YES;
				IPHONEOS_DEPLOYMENT_TARGET = 14.5;
				MTL_ENABLE_DEBUG_INFO = INCLUDE_SOURCE;
				MTL_FAST_MATH = YES;
				ONLY_ACTIVE_ARCH = YES;
				SDKROOT = iphoneos;
				SWIFT_ACTIVE_COMPILATION_CONDITIONS = DEBUG;
				SWIFT_OPTIMIZATION_LEVEL = "-Onone";
			};
			name = Debug;
		};
		76CBDFB026146EBD00F84D52 /* Release */ = {
			isa = XCBuildConfiguration;
			buildSettings = {
				ALWAYS_SEARCH_USER_PATHS = NO;
				CLANG_ANALYZER_NONNULL = YES;
				CLANG_ANALYZER_NUMBER_OBJECT_CONVERSION = YES_AGGRESSIVE;
				CLANG_CXX_LANGUAGE_STANDARD = "gnu++14";
				CLANG_CXX_LIBRARY = "libc++";
				CLANG_ENABLE_MODULES = YES;
				CLANG_ENABLE_OBJC_ARC = YES;
				CLANG_ENABLE_OBJC_WEAK = YES;
				CLANG_WARN_BLOCK_CAPTURE_AUTORELEASING = YES;
				CLANG_WARN_BOOL_CONVERSION = YES;
				CLANG_WARN_COMMA = YES;
				CLANG_WARN_CONSTANT_CONVERSION = YES;
				CLANG_WARN_DEPRECATED_OBJC_IMPLEMENTATIONS = YES;
				CLANG_WARN_DIRECT_OBJC_ISA_USAGE = YES_ERROR;
				CLANG_WARN_DOCUMENTATION_COMMENTS = YES;
				CLANG_WARN_EMPTY_BODY = YES;
				CLANG_WARN_ENUM_CONVERSION = YES;
				CLANG_WARN_INFINITE_RECURSION = YES;
				CLANG_WARN_INT_CONVERSION = YES;
				CLANG_WARN_NON_LITERAL_NULL_CONVERSION = YES;
				CLANG_WARN_OBJC_IMPLICIT_RETAIN_SELF = YES;
				CLANG_WARN_OBJC_LITERAL_CONVERSION = YES;
				CLANG_WARN_OBJC_ROOT_CLASS = YES_ERROR;
				CLANG_WARN_QUOTED_INCLUDE_IN_FRAMEWORK_HEADER = YES;
				CLANG_WARN_RANGE_LOOP_ANALYSIS = YES;
				CLANG_WARN_STRICT_PROTOTYPES = YES;
				CLANG_WARN_SUSPICIOUS_MOVE = YES;
				CLANG_WARN_UNGUARDED_AVAILABILITY = YES_AGGRESSIVE;
				CLANG_WARN_UNREACHABLE_CODE = YES;
				CLANG_WARN__DUPLICATE_METHOD_MATCH = YES;
				COPY_PHASE_STRIP = NO;
				DEBUG_INFORMATION_FORMAT = "dwarf-with-dsym";
				ENABLE_NS_ASSERTIONS = NO;
				ENABLE_STRICT_OBJC_MSGSEND = YES;
				GCC_C_LANGUAGE_STANDARD = gnu11;
				GCC_NO_COMMON_BLOCKS = YES;
				GCC_WARN_64_TO_32_BIT_CONVERSION = YES;
				GCC_WARN_ABOUT_RETURN_TYPE = YES_ERROR;
				GCC_WARN_UNDECLARED_SELECTOR = YES;
				GCC_WARN_UNINITIALIZED_AUTOS = YES_AGGRESSIVE;
				GCC_WARN_UNUSED_FUNCTION = YES;
				GCC_WARN_UNUSED_VARIABLE = YES;
				IPHONEOS_DEPLOYMENT_TARGET = 14.5;
				MTL_ENABLE_DEBUG_INFO = NO;
				MTL_FAST_MATH = YES;
				SDKROOT = iphoneos;
				SWIFT_COMPILATION_MODE = wholemodule;
				SWIFT_OPTIMIZATION_LEVEL = "-O";
				VALIDATE_PRODUCT = YES;
			};
			name = Release;
		};
		76CBDFB226146EBD00F84D52 /* Debug */ = {
			isa = XCBuildConfiguration;
			buildSettings = {
				ASSETCATALOG_COMPILER_APPICON_NAME = AppIcon;
				ASSETCATALOG_COMPILER_GLOBAL_ACCENT_COLOR_NAME = AccentColor;
				CODE_SIGN_STYLE = Automatic;
				DEVELOPMENT_TEAM = FV6J2PQ8YG;
				INFOPLIST_FILE = "IOS-App-Development/Info.plist";
				LD_RUNPATH_SEARCH_PATHS = (
					"$(inherited)",
					"@executable_path/Frameworks",
				);
				PRODUCT_BUNDLE_IDENTIFIER = "dk.msk.IOS-App-Development";
				PRODUCT_NAME = "$(TARGET_NAME)";
				SWIFT_VERSION = 5.0;
				TARGETED_DEVICE_FAMILY = "1,2";
			};
			name = Debug;
		};
		76CBDFB326146EBD00F84D52 /* Release */ = {
			isa = XCBuildConfiguration;
			buildSettings = {
				ASSETCATALOG_COMPILER_APPICON_NAME = AppIcon;
				ASSETCATALOG_COMPILER_GLOBAL_ACCENT_COLOR_NAME = AccentColor;
				CODE_SIGN_STYLE = Automatic;
				DEVELOPMENT_TEAM = FV6J2PQ8YG;
				INFOPLIST_FILE = "IOS-App-Development/Info.plist";
				LD_RUNPATH_SEARCH_PATHS = (
					"$(inherited)",
					"@executable_path/Frameworks",
				);
				PRODUCT_BUNDLE_IDENTIFIER = "dk.msk.IOS-App-Development";
				PRODUCT_NAME = "$(TARGET_NAME)";
				SWIFT_VERSION = 5.0;
				TARGETED_DEVICE_FAMILY = "1,2";
			};
			name = Release;
		};
/* End XCBuildConfiguration section */

/* Begin XCConfigurationList section */
		76CBDF9826146EBA00F84D52 /* Build configuration list for PBXProject "IOS-App-Development" */ = {
			isa = XCConfigurationList;
			buildConfigurations = (
				76CBDFAF26146EBD00F84D52 /* Debug */,
				76CBDFB026146EBD00F84D52 /* Release */,
			);
			defaultConfigurationIsVisible = 0;
			defaultConfigurationName = Release;
		};
		76CBDFB126146EBD00F84D52 /* Build configuration list for PBXNativeTarget "IOS-App-Development" */ = {
			isa = XCConfigurationList;
			buildConfigurations = (
				76CBDFB226146EBD00F84D52 /* Debug */,
				76CBDFB326146EBD00F84D52 /* Release */,
			);
			defaultConfigurationIsVisible = 0;
			defaultConfigurationName = Release;
		};
/* End XCConfigurationList section */
	};
	rootObject = 76CBDF9526146EBA00F84D52 /* Project object */;
}
